
Microsoft Visual Studio Solution File, Format Version 12.00
# Visual Studio Version 17
VisualStudioVersion = 17.14.36310.24 d17.14
MinimumVisualStudioVersion = 10.0.40219.1
Project("{FAE04EC0-301F-11D3-BF4B-00C04F79EFBC}") = "FilaSinuca", "FilaSinuca.csproj", "{204DD3CA-5A55-D402-B406-464534F17EA9}"
EndProject
Global
	GlobalSection(SolutionConfigurationPlatforms) = preSolution
		Debug|Any CPU = Debug|Any CPU
		Release|Any CPU = Release|Any CPU
	EndGlobalSection
	GlobalSection(ProjectConfigurationPlatforms) = postSolution
		{204DD3CA-5A55-D402-B406-464534F17EA9}.Debug|Any CPU.ActiveCfg = Debug|Any CPU
		{204DD3CA-5A55-D402-B406-464534F17EA9}.Debug|Any CPU.Build.0 = Debug|Any CPU
		{204DD3CA-5A55-D402-B406-464534F17EA9}.Release|Any CPU.ActiveCfg = Release|Any CPU
		{204DD3CA-5A55-D402-B406-464534F17EA9}.Release|Any CPU.Build.0 = Release|Any CPU
	EndGlobalSection
	GlobalSection(SolutionProperties) = preSolution
		HideSolutionNode = FALSE
	EndGlobalSection
	GlobalSection(ExtensibilityGlobals) = postSolution
		SolutionGuid = {9079C341-8B15-45E4-B089-0249EA7212A5}
	EndGlobalSection
EndGlobal
